
Microsoft Visual Studio Solution File, Format Version 12.00
# Visual Studio Version 17
VisualStudioVersion = 17.4.33110.190
MinimumVisualStudioVersion = 10.0.40219.1
Project("{FAE04EC0-301F-11D3-BF4B-00C04F79EFBC}") = "CSharpHelloWorld", "CSharpHelloWorld.csproj", "{E53C013B-8544-41D5-AE8E-0AE880FB266B}"
EndProject
Global
	GlobalSection(SolutionConfigurationPlatforms) = preSolution
		Debug|Any CPU = Debug|Any CPU
		Release|Any CPU = Release|Any CPU
	EndGlobalSection
	GlobalSection(ProjectConfigurationPlatforms) = postSolution
		{E53C013B-8544-41D5-AE8E-0AE880FB266B}.Debug|Any CPU.ActiveCfg = Debug|Any CPU
		{E53C013B-8544-41D5-AE8E-0AE880FB266B}.Debug|Any CPU.Build.0 = Debug|Any CPU
		{E53C013B-8544-41D5-AE8E-0AE880FB266B}.Release|Any CPU.ActiveCfg = Release|Any CPU
		{E53C013B-8544-41D5-AE8E-0AE880FB266B}.Release|Any CPU.Build.0 = Release|Any CPU
	EndGlobalSection
	GlobalSection(SolutionProperties) = preSolution
		HideSolutionNode = FALSE
	EndGlobalSection
	GlobalSection(ExtensibilityGlobals) = postSolution
		SolutionGuid = {BDDEB621-2860-4C35-A4AF-CF4198F13D6E}
	EndGlobalSection
EndGlobal
